// !$*UTF8*$!
{
	archiveVersion = 1;
	classes = {
	};
	objectVersion = 46;
	objects = {

/* Begin PBXBuildFile section */
		823872D11C4F80D8000BB097 /* TableViewCell.swift in Sources */ = {isa = PBXBuildFile; fileRef = 823872D01C4F80D8000BB097 /* TableViewCell.swift */; };
		823872D31C4F8A15000BB097 /* MapCollectionViewCell.swift in Sources */ = {isa = PBXBuildFile; fileRef = 823872D21C4F8A15000BB097 /* MapCollectionViewCell.swift */; };
		823872D51C4F8B50000BB097 /* WikiCollectionViewCell.swift in Sources */ = {isa = PBXBuildFile; fileRef = 823872D41C4F8B50000BB097 /* WikiCollectionViewCell.swift */; };
		823872D71C4FC787000BB097 /* WikipediaObject.swift in Sources */ = {isa = PBXBuildFile; fileRef = 823872D61C4FC787000BB097 /* WikipediaObject.swift */; };
		82680D331C2020190056EC7E /* ImageCell.swift in Sources */ = {isa = PBXBuildFile; fileRef = 82680D321C2020190056EC7E /* ImageCell.swift */; };
		828383F11C201C3A00A774E1 /* ArticleTableViewController.swift in Sources */ = {isa = PBXBuildFile; fileRef = 828383F01C201C3A00A774E1 /* ArticleTableViewController.swift */; };
		829D5CF01C592D24008EC4B5 /* WikiCollectionView.swift in Sources */ = {isa = PBXBuildFile; fileRef = 829D5CEF1C592D24008EC4B5 /* WikiCollectionView.swift */; };
		829D5CF21C5A517C008EC4B5 /* TweetObject.swift in Sources */ = {isa = PBXBuildFile; fileRef = 829D5CF11C5A517C008EC4B5 /* TweetObject.swift */; };
		829D5CF41C5A536A008EC4B5 /* TweetCollectionView.swift in Sources */ = {isa = PBXBuildFile; fileRef = 829D5CF31C5A536A008EC4B5 /* TweetCollectionView.swift */; };
		829D5CF61C5A53DB008EC4B5 /* TweetCollectionViewCell.swift in Sources */ = {isa = PBXBuildFile; fileRef = 829D5CF51C5A53DB008EC4B5 /* TweetCollectionViewCell.swift */; };
		829D5CF81C5A69E1008EC4B5 /* events2.json in Resources */ = {isa = PBXBuildFile; fileRef = 829D5CF71C5A69E1008EC4B5 /* events2.json */; };
		829D7DD41C202ED2009F21C5 /* TextCell.swift in Sources */ = {isa = PBXBuildFile; fileRef = 829D7DD31C202ED2009F21C5 /* TextCell.swift */; };
		82A8DA4D1C18247B00799225 /* AppDelegate.swift in Sources */ = {isa = PBXBuildFile; fileRef = 82A8DA4C1C18247B00799225 /* AppDelegate.swift */; };
		82A8DA4F1C18247B00799225 /* ViewController.swift in Sources */ = {isa = PBXBuildFile; fileRef = 82A8DA4E1C18247B00799225 /* ViewController.swift */; };
		82A8DA521C18247B00799225 /* Main.storyboard in Resources */ = {isa = PBXBuildFile; fileRef = 82A8DA501C18247B00799225 /* Main.storyboard */; };
		82A8DA541C18247B00799225 /* Assets.xcassets in Resources */ = {isa = PBXBuildFile; fileRef = 82A8DA531C18247B00799225 /* Assets.xcassets */; };
		82A8DA571C18247B00799225 /* LaunchScreen.storyboard in Resources */ = {isa = PBXBuildFile; fileRef = 82A8DA551C18247B00799225 /* LaunchScreen.storyboard */; };
		82A8DA611C1828AA00799225 /* PageContentHolderViewController.swift in Sources */ = {isa = PBXBuildFile; fileRef = 82A8DA601C1828AA00799225 /* PageContentHolderViewController.swift */; };
		82A8DA651C18309E00799225 /* Podfile in Resources */ = {isa = PBXBuildFile; fileRef = 82A8DA641C18309E00799225 /* Podfile */; };
		82A8DA671C1834B000799225 /* SwiftyJSON.framework in Frameworks */ = {isa = PBXBuildFile; fileRef = 82A8DA661C1834B000799225 /* SwiftyJSON.framework */; };
		82B6C8FE1C3D076200C9A42A /* CitationCell.swift in Sources */ = {isa = PBXBuildFile; fileRef = 82B6C8FD1C3D076200C9A42A /* CitationCell.swift */; };
		D553BB9CF973668EC58E91CF /* Pods_Fews.framework in Frameworks */ = {isa = PBXBuildFile; fileRef = E2EA6F4D8A56272EC74C0890 /* Pods_Fews.framework */; };
		EB1724EF1C219680000833F5 /* SwiftDate.framework in Frameworks */ = {isa = PBXBuildFile; fileRef = EB1724EE1C219680000833F5 /* SwiftDate.framework */; };
		EB3C5F491C1C782C004C7C13 /* JsonObject.swift in Sources */ = {isa = PBXBuildFile; fileRef = EB3C5F481C1C782C004C7C13 /* JsonObject.swift */; };
		EB67A9B81C260A3A006D0A85 /* UIColor.swift in Sources */ = {isa = PBXBuildFile; fileRef = EB67A9B71C260A3A006D0A85 /* UIColor.swift */; };
		EB78FD121C2227980067F826 /* Entity.swift in Sources */ = {isa = PBXBuildFile; fileRef = EB78FD111C2227980067F826 /* Entity.swift */; };
		EBAC6C5F1C233D53005740D6 /* SKSplashView.framework in Frameworks */ = {isa = PBXBuildFile; fileRef = EBAC6C5E1C233D53005740D6 /* SKSplashView.framework */; };
		EBDD9B631C20B3DF00434A40 /* Haneke.framework in Frameworks */ = {isa = PBXBuildFile; fileRef = EBDD9B621C20B3DF00434A40 /* Haneke.framework */; };
		EBDD9B671C20C25D00434A40 /* Event.swift in Sources */ = {isa = PBXBuildFile; fileRef = EBDD9B661C20C25D00434A40 /* Event.swift */; };
		EBDD9B691C20CF2B00434A40 /* events.json in Resources */ = {isa = PBXBuildFile; fileRef = EBDD9B681C20CF2B00434A40 /* events.json */; };
		EBDD9B6B1C20CFAC00434A40 /* Article.swift in Sources */ = {isa = PBXBuildFile; fileRef = EBDD9B6A1C20CFAC00434A40 /* Article.swift */; };
		EBDD9B6D1C20D1E300434A40 /* EventsList.swift in Sources */ = {isa = PBXBuildFile; fileRef = EBDD9B6C1C20D1E300434A40 /* EventsList.swift */; };
		EBDD9B711C20E2C600434A40 /* TopImage.swift in Sources */ = {isa = PBXBuildFile; fileRef = EBDD9B701C20E2C600434A40 /* TopImage.swift */; };
/* End PBXBuildFile section */

/* Begin PBXFileReference section */
		0DE6EA55EB562B8ABD249310 /* Pods-Fews.debug.xcconfig */ = {isa = PBXFileReference; includeInIndex = 1; lastKnownFileType = text.xcconfig; name = "Pods-Fews.debug.xcconfig"; path = "Pods/Target Support Files/Pods-Fews/Pods-Fews.debug.xcconfig"; sourceTree = "<group>"; };
		6B439C6B6936200BF5DC0F75 /* Pods-Fews.release.xcconfig */ = {isa = PBXFileReference; includeInIndex = 1; lastKnownFileType = text.xcconfig; name = "Pods-Fews.release.xcconfig"; path = "Pods/Target Support Files/Pods-Fews/Pods-Fews.release.xcconfig"; sourceTree = "<group>"; };
		823872D01C4F80D8000BB097 /* TableViewCell.swift */ = {isa = PBXFileReference; fileEncoding = 4; lastKnownFileType = sourcecode.swift; path = TableViewCell.swift; sourceTree = "<group>"; };
		823872D21C4F8A15000BB097 /* MapCollectionViewCell.swift */ = {isa = PBXFileReference; fileEncoding = 4; lastKnownFileType = sourcecode.swift; path = MapCollectionViewCell.swift; sourceTree = "<group>"; };
		823872D41C4F8B50000BB097 /* WikiCollectionViewCell.swift */ = {isa = PBXFileReference; fileEncoding = 4; lastKnownFileType = sourcecode.swift; path = WikiCollectionViewCell.swift; sourceTree = "<group>"; };
		823872D61C4FC787000BB097 /* WikipediaObject.swift */ = {isa = PBXFileReference; fileEncoding = 4; lastKnownFileType = sourcecode.swift; path = WikipediaObject.swift; sourceTree = "<group>"; };
		82680D321C2020190056EC7E /* ImageCell.swift */ = {isa = PBXFileReference; fileEncoding = 4; lastKnownFileType = sourcecode.swift; path = ImageCell.swift; sourceTree = "<group>"; };
		828383F01C201C3A00A774E1 /* ArticleTableViewController.swift */ = {isa = PBXFileReference; fileEncoding = 4; lastKnownFileType = sourcecode.swift; path = ArticleTableViewController.swift; sourceTree = "<group>"; };
		829D5CEF1C592D24008EC4B5 /* WikiCollectionView.swift */ = {isa = PBXFileReference; fileEncoding = 4; lastKnownFileType = sourcecode.swift; path = WikiCollectionView.swift; sourceTree = "<group>"; };
		829D5CF11C5A517C008EC4B5 /* TweetObject.swift */ = {isa = PBXFileReference; fileEncoding = 4; lastKnownFileType = sourcecode.swift; path = TweetObject.swift; sourceTree = "<group>"; };
		829D5CF31C5A536A008EC4B5 /* TweetCollectionView.swift */ = {isa = PBXFileReference; fileEncoding = 4; lastKnownFileType = sourcecode.swift; path = TweetCollectionView.swift; sourceTree = "<group>"; };
		829D5CF51C5A53DB008EC4B5 /* TweetCollectionViewCell.swift */ = {isa = PBXFileReference; fileEncoding = 4; lastKnownFileType = sourcecode.swift; path = TweetCollectionViewCell.swift; sourceTree = "<group>"; };
		829D5CF71C5A69E1008EC4B5 /* events2.json */ = {isa = PBXFileReference; fileEncoding = 4; lastKnownFileType = text.json; path = events2.json; sourceTree = "<group>"; };
		829D7DD31C202ED2009F21C5 /* TextCell.swift */ = {isa = PBXFileReference; fileEncoding = 4; lastKnownFileType = sourcecode.swift; path = TextCell.swift; sourceTree = "<group>"; };
		82A8DA491C18247B00799225 /* Fews.app */ = {isa = PBXFileReference; explicitFileType = wrapper.application; includeInIndex = 0; path = Fews.app; sourceTree = BUILT_PRODUCTS_DIR; };
		82A8DA4C1C18247B00799225 /* AppDelegate.swift */ = {isa = PBXFileReference; lastKnownFileType = sourcecode.swift; path = AppDelegate.swift; sourceTree = "<group>"; };
		82A8DA4E1C18247B00799225 /* ViewController.swift */ = {isa = PBXFileReference; lastKnownFileType = sourcecode.swift; path = ViewController.swift; sourceTree = "<group>"; };
		82A8DA511C18247B00799225 /* Base */ = {isa = PBXFileReference; lastKnownFileType = file.storyboard; name = Base; path = Base.lproj/Main.storyboard; sourceTree = "<group>"; };
		82A8DA531C18247B00799225 /* Assets.xcassets */ = {isa = PBXFileReference; lastKnownFileType = folder.assetcatalog; path = Assets.xcassets; sourceTree = "<group>"; };
		82A8DA561C18247B00799225 /* Base */ = {isa = PBXFileReference; lastKnownFileType = file.storyboard; name = Base; path = Base.lproj/LaunchScreen.storyboard; sourceTree = "<group>"; };
		82A8DA581C18247B00799225 /* Info.plist */ = {isa = PBXFileReference; lastKnownFileType = text.plist.xml; path = Info.plist; sourceTree = "<group>"; };
		82A8DA601C1828AA00799225 /* PageContentHolderViewController.swift */ = {isa = PBXFileReference; fileEncoding = 4; lastKnownFileType = sourcecode.swift; path = PageContentHolderViewController.swift; sourceTree = "<group>"; };
		82A8DA641C18309E00799225 /* Podfile */ = {isa = PBXFileReference; fileEncoding = 4; lastKnownFileType = text; path = Podfile; sourceTree = "<group>"; xcLanguageSpecificationIdentifier = xcode.lang.ruby; };
		82A8DA661C1834B000799225 /* SwiftyJSON.framework */ = {isa = PBXFileReference; lastKnownFileType = wrapper.framework; name = SwiftyJSON.framework; path = "Pods/../build/Debug-iphoneos/SwiftyJSON.framework"; sourceTree = "<group>"; };
		82B6C8FD1C3D076200C9A42A /* CitationCell.swift */ = {isa = PBXFileReference; fileEncoding = 4; lastKnownFileType = sourcecode.swift; path = CitationCell.swift; sourceTree = "<group>"; };
		E2EA6F4D8A56272EC74C0890 /* Pods_Fews.framework */ = {isa = PBXFileReference; explicitFileType = wrapper.framework; includeInIndex = 0; path = Pods_Fews.framework; sourceTree = BUILT_PRODUCTS_DIR; };
		EB1724EE1C219680000833F5 /* SwiftDate.framework */ = {isa = PBXFileReference; lastKnownFileType = wrapper.framework; name = SwiftDate.framework; path = "Pods/../build/Debug-iphoneos/SwiftDate.framework"; sourceTree = "<group>"; };
		EB3C5F481C1C782C004C7C13 /* JsonObject.swift */ = {isa = PBXFileReference; fileEncoding = 4; lastKnownFileType = sourcecode.swift; path = JsonObject.swift; sourceTree = "<group>"; };
		EB67A9B71C260A3A006D0A85 /* UIColor.swift */ = {isa = PBXFileReference; fileEncoding = 4; lastKnownFileType = sourcecode.swift; path = UIColor.swift; sourceTree = "<group>"; };
		EB78FD111C2227980067F826 /* Entity.swift */ = {isa = PBXFileReference; fileEncoding = 4; lastKnownFileType = sourcecode.swift; path = Entity.swift; sourceTree = "<group>"; };
		EBAC6C5E1C233D53005740D6 /* SKSplashView.framework */ = {isa = PBXFileReference; lastKnownFileType = wrapper.framework; name = SKSplashView.framework; path = "Pods/../build/Debug-iphoneos/SKSplashView.framework"; sourceTree = "<group>"; };
		EBDD9B621C20B3DF00434A40 /* Haneke.framework */ = {isa = PBXFileReference; lastKnownFileType = wrapper.framework; name = Haneke.framework; path = "Pods/../build/Debug-iphoneos/Haneke.framework"; sourceTree = "<group>"; };
		EBDD9B661C20C25D00434A40 /* Event.swift */ = {isa = PBXFileReference; fileEncoding = 4; lastKnownFileType = sourcecode.swift; path = Event.swift; sourceTree = "<group>"; };
		EBDD9B681C20CF2B00434A40 /* events.json */ = {isa = PBXFileReference; fileEncoding = 4; lastKnownFileType = text.json; path = events.json; sourceTree = "<group>"; };
		EBDD9B6A1C20CFAC00434A40 /* Article.swift */ = {isa = PBXFileReference; fileEncoding = 4; lastKnownFileType = sourcecode.swift; path = Article.swift; sourceTree = "<group>"; };
		EBDD9B6C1C20D1E300434A40 /* EventsList.swift */ = {isa = PBXFileReference; fileEncoding = 4; lastKnownFileType = sourcecode.swift; path = EventsList.swift; sourceTree = "<group>"; };
		EBDD9B701C20E2C600434A40 /* TopImage.swift */ = {isa = PBXFileReference; fileEncoding = 4; lastKnownFileType = sourcecode.swift; path = TopImage.swift; sourceTree = "<group>"; };
/* End PBXFileReference section */

/* Begin PBXFrameworksBuildPhase section */
		82A8DA461C18247B00799225 /* Frameworks */ = {
			isa = PBXFrameworksBuildPhase;
			buildActionMask = 2147483647;
			files = (
				EBAC6C5F1C233D53005740D6 /* SKSplashView.framework in Frameworks */,
				EB1724EF1C219680000833F5 /* SwiftDate.framework in Frameworks */,
				EBDD9B631C20B3DF00434A40 /* Haneke.framework in Frameworks */,
				82A8DA671C1834B000799225 /* SwiftyJSON.framework in Frameworks */,
				D553BB9CF973668EC58E91CF /* Pods_Fews.framework in Frameworks */,
			);
			runOnlyForDeploymentPostprocessing = 0;
		};
/* End PBXFrameworksBuildPhase section */

/* Begin PBXGroup section */
		0235245399A28413952D9799 /* Frameworks */ = {
			isa = PBXGroup;
			children = (
				EBAC6C5E1C233D53005740D6 /* SKSplashView.framework */,
				EB1724EE1C219680000833F5 /* SwiftDate.framework */,
				EBDD9B621C20B3DF00434A40 /* Haneke.framework */,
				82A8DA661C1834B000799225 /* SwiftyJSON.framework */,
				E2EA6F4D8A56272EC74C0890 /* Pods_Fews.framework */,
			);
			name = Frameworks;
			sourceTree = "<group>";
		};
		184B1CFD599DC2BF39B0064D /* Pods */ = {
			isa = PBXGroup;
			children = (
				0DE6EA55EB562B8ABD249310 /* Pods-Fews.debug.xcconfig */,
				6B439C6B6936200BF5DC0F75 /* Pods-Fews.release.xcconfig */,
			);
			name = Pods;
			sourceTree = "<group>";
		};
		821031681C20542F00E46A5B /* Cells */ = {
			isa = PBXGroup;
			children = (
				823872D41C4F8B50000BB097 /* WikiCollectionViewCell.swift */,
				823872D21C4F8A15000BB097 /* MapCollectionViewCell.swift */,
				823872D01C4F80D8000BB097 /* TableViewCell.swift */,
				829D5CF51C5A53DB008EC4B5 /* TweetCollectionViewCell.swift */,
				82680D321C2020190056EC7E /* ImageCell.swift */,
				829D5CEF1C592D24008EC4B5 /* WikiCollectionView.swift */,
				829D5CF31C5A536A008EC4B5 /* TweetCollectionView.swift */,
				829D7DD31C202ED2009F21C5 /* TextCell.swift */,
				82B6C8FD1C3D076200C9A42A /* CitationCell.swift */,
			);
			name = Cells;
			sourceTree = "<group>";
		};
		8210316C1C20555200E46A5B /* Json */ = {
			isa = PBXGroup;
			children = (
				EBDD9B681C20CF2B00434A40 /* events.json */,
				829D5CF71C5A69E1008EC4B5 /* events2.json */,
			);
			name = Json;
			sourceTree = "<group>";
		};
		8210316F1C2058F500E46A5B /* controllers */ = {
			isa = PBXGroup;
			children = (
				821031681C20542F00E46A5B /* Cells */,
				82A8DA4E1C18247B00799225 /* ViewController.swift */,
				82A8DA601C1828AA00799225 /* PageContentHolderViewController.swift */,
				828383F01C201C3A00A774E1 /* ArticleTableViewController.swift */,
			);
			name = controllers;
			sourceTree = "<group>";
		};
		82A8DA401C18247B00799225 = {
			isa = PBXGroup;
			children = (
				82A8DA641C18309E00799225 /* Podfile */,
				82A8DA4B1C18247B00799225 /* Fews */,
				82A8DA4A1C18247B00799225 /* Products */,
				184B1CFD599DC2BF39B0064D /* Pods */,
				0235245399A28413952D9799 /* Frameworks */,
			);
			sourceTree = "<group>";
		};
		82A8DA4A1C18247B00799225 /* Products */ = {
			isa = PBXGroup;
			children = (
				82A8DA491C18247B00799225 /* Fews.app */,
			);
			name = Products;
			sourceTree = "<group>";
		};
		82A8DA4B1C18247B00799225 /* Fews */ = {
			isa = PBXGroup;
			children = (
				EB67A9B61C2609CA006D0A85 /* extensions */,
				8210316C1C20555200E46A5B /* Json */,
				EB3C5F471C1C7778004C7C13 /* models */,
				8210316F1C2058F500E46A5B /* controllers */,
				82A8DA501C18247B00799225 /* Main.storyboard */,
				82A8DA4C1C18247B00799225 /* AppDelegate.swift */,
				82A8DA531C18247B00799225 /* Assets.xcassets */,
				82A8DA551C18247B00799225 /* LaunchScreen.storyboard */,
				82A8DA581C18247B00799225 /* Info.plist */,
			);
			path = Fews;
			sourceTree = "<group>";
		};
		EB3C5F471C1C7778004C7C13 /* models */ = {
			isa = PBXGroup;
			children = (
				EB3C5F481C1C782C004C7C13 /* JsonObject.swift */,
				823872D61C4FC787000BB097 /* WikipediaObject.swift */,
				EBDD9B661C20C25D00434A40 /* Event.swift */,
				829D5CF11C5A517C008EC4B5 /* TweetObject.swift */,
				EB78FD111C2227980067F826 /* Entity.swift */,
				EBDD9B701C20E2C600434A40 /* TopImage.swift */,
				EBDD9B6C1C20D1E300434A40 /* EventsList.swift */,
				EBDD9B6A1C20CFAC00434A40 /* Article.swift */,
			);
			name = models;
			sourceTree = "<group>";
		};
		EB67A9B61C2609CA006D0A85 /* extensions */ = {
			isa = PBXGroup;
			children = (
				EB67A9B71C260A3A006D0A85 /* UIColor.swift */,
			);
			name = extensions;
			sourceTree = "<group>";
		};
/* End PBXGroup section */

/* Begin PBXNativeTarget section */
		82A8DA481C18247B00799225 /* Fews */ = {
			isa = PBXNativeTarget;
			buildConfigurationList = 82A8DA5B1C18247B00799225 /* Build configuration list for PBXNativeTarget "Fews" */;
			buildPhases = (
				E330261C8613466241EFF24F /* Check Pods Manifest.lock */,
				82A8DA451C18247B00799225 /* Sources */,
				82A8DA461C18247B00799225 /* Frameworks */,
				82A8DA471C18247B00799225 /* Resources */,
				7D0361E99BFA0099506CA746 /* Embed Pods Frameworks */,
				CDA5C6DF1AF62AE26CD2ED02 /* Copy Pods Resources */,
			);
			buildRules = (
			);
			dependencies = (
			);
			name = Fews;
			productName = Fews;
			productReference = 82A8DA491C18247B00799225 /* Fews.app */;
			productType = "com.apple.product-type.application";
		};
/* End PBXNativeTarget section */

/* Begin PBXProject section */
		82A8DA411C18247B00799225 /* Project object */ = {
			isa = PBXProject;
			attributes = {
				LastSwiftUpdateCheck = 0710;
				LastUpgradeCheck = 0710;
				ORGANIZATIONNAME = "Audric Pandelé";
				TargetAttributes = {
					82A8DA481C18247B00799225 = {
						CreatedOnToolsVersion = 7.1.1;
						DevelopmentTeam = T6RB53DB8F;
					};
				};
			};
			buildConfigurationList = 82A8DA441C18247B00799225 /* Build configuration list for PBXProject "Fews" */;
			compatibilityVersion = "Xcode 3.2";
			developmentRegion = English;
			hasScannedForEncodings = 0;
			knownRegions = (
				en,
				Base,
			);
			mainGroup = 82A8DA401C18247B00799225;
			productRefGroup = 82A8DA4A1C18247B00799225 /* Products */;
			projectDirPath = "";
			projectRoot = "";
			targets = (
				82A8DA481C18247B00799225 /* Fews */,
			);
		};
/* End PBXProject section */

/* Begin PBXResourcesBuildPhase section */
		82A8DA471C18247B00799225 /* Resources */ = {
			isa = PBXResourcesBuildPhase;
			buildActionMask = 2147483647;
			files = (
				82A8DA571C18247B00799225 /* LaunchScreen.storyboard in Resources */,
				829D5CF81C5A69E1008EC4B5 /* events2.json in Resources */,
				82A8DA541C18247B00799225 /* Assets.xcassets in Resources */,
				82A8DA651C18309E00799225 /* Podfile in Resources */,
				EBDD9B691C20CF2B00434A40 /* events.json in Resources */,
				82A8DA521C18247B00799225 /* Main.storyboard in Resources */,
			);
			runOnlyForDeploymentPostprocessing = 0;
		};
/* End PBXResourcesBuildPhase section */

/* Begin PBXShellScriptBuildPhase section */
		7D0361E99BFA0099506CA746 /* Embed Pods Frameworks */ = {
			isa = PBXShellScriptBuildPhase;
			buildActionMask = 2147483647;
			files = (
			);
			inputPaths = (
			);
			name = "Embed Pods Frameworks";
			outputPaths = (
			);
			runOnlyForDeploymentPostprocessing = 0;
			shellPath = /bin/sh;
			shellScript = "\"${SRCROOT}/Pods/Target Support Files/Pods-Fews/Pods-Fews-frameworks.sh\"\n";
			showEnvVarsInLog = 0;
		};
		CDA5C6DF1AF62AE26CD2ED02 /* Copy Pods Resources */ = {
			isa = PBXShellScriptBuildPhase;
			buildActionMask = 2147483647;
			files = (
			);
			inputPaths = (
			);
			name = "Copy Pods Resources";
			outputPaths = (
			);
			runOnlyForDeploymentPostprocessing = 0;
			shellPath = /bin/sh;
			shellScript = "\"${SRCROOT}/Pods/Target Support Files/Pods-Fews/Pods-Fews-resources.sh\"\n";
			showEnvVarsInLog = 0;
		};
		E330261C8613466241EFF24F /* Check Pods Manifest.lock */ = {
			isa = PBXShellScriptBuildPhase;
			buildActionMask = 2147483647;
			files = (
			);
			inputPaths = (
			);
			name = "Check Pods Manifest.lock";
			outputPaths = (
			);
			runOnlyForDeploymentPostprocessing = 0;
			shellPath = /bin/sh;
			shellScript = "diff \"${PODS_ROOT}/../Podfile.lock\" \"${PODS_ROOT}/Manifest.lock\" > /dev/null\nif [[ $? != 0 ]] ; then\n    cat << EOM\nerror: The sandbox is not in sync with the Podfile.lock. Run 'pod install' or update your CocoaPods installation.\nEOM\n    exit 1\nfi\n";
			showEnvVarsInLog = 0;
		};
/* End PBXShellScriptBuildPhase section */

/* Begin PBXSourcesBuildPhase section */
		82A8DA451C18247B00799225 /* Sources */ = {
			isa = PBXSourcesBuildPhase;
			buildActionMask = 2147483647;
			files = (
				823872D71C4FC787000BB097 /* WikipediaObject.swift in Sources */,
				EBDD9B6D1C20D1E300434A40 /* EventsList.swift in Sources */,
				823872D11C4F80D8000BB097 /* TableViewCell.swift in Sources */,
				EB67A9B81C260A3A006D0A85 /* UIColor.swift in Sources */,
				829D5CF21C5A517C008EC4B5 /* TweetObject.swift in Sources */,
				823872D31C4F8A15000BB097 /* MapCollectionViewCell.swift in Sources */,
				EBDD9B671C20C25D00434A40 /* Event.swift in Sources */,
				823872D51C4F8B50000BB097 /* WikiCollectionViewCell.swift in Sources */,
				829D5CF61C5A53DB008EC4B5 /* TweetCollectionViewCell.swift in Sources */,
				82A8DA4F1C18247B00799225 /* ViewController.swift in Sources */,
				829D5CF01C592D24008EC4B5 /* WikiCollectionView.swift in Sources */,
				EBDD9B6B1C20CFAC00434A40 /* Article.swift in Sources */,
				828383F11C201C3A00A774E1 /* ArticleTableViewController.swift in Sources */,
				82A8DA611C1828AA00799225 /* PageContentHolderViewController.swift in Sources */,
				EBDD9B711C20E2C600434A40 /* TopImage.swift in Sources */,
				EB3C5F491C1C782C004C7C13 /* JsonObject.swift in Sources */,
				829D7DD41C202ED2009F21C5 /* TextCell.swift in Sources */,
				EB78FD121C2227980067F826 /* Entity.swift in Sources */,
				829D5CF41C5A536A008EC4B5 /* TweetCollectionView.swift in Sources */,
				82680D331C2020190056EC7E /* ImageCell.swift in Sources */,
				82A8DA4D1C18247B00799225 /* AppDelegate.swift in Sources */,
				82B6C8FE1C3D076200C9A42A /* CitationCell.swift in Sources */,
			);
			runOnlyForDeploymentPostprocessing = 0;
		};
/* End PBXSourcesBuildPhase section */

/* Begin PBXVariantGroup section */
		82A8DA501C18247B00799225 /* Main.storyboard */ = {
			isa = PBXVariantGroup;
			children = (
				82A8DA511C18247B00799225 /* Base */,
			);
			name = Main.storyboard;
			sourceTree = "<group>";
		};
		82A8DA551C18247B00799225 /* LaunchScreen.storyboard */ = {
			isa = PBXVariantGroup;
			children = (
				82A8DA561C18247B00799225 /* Base */,
			);
			name = LaunchScreen.storyboard;
			sourceTree = "<group>";
		};
/* End PBXVariantGroup section */

/* Begin XCBuildConfiguration section */
		82A8DA591C18247B00799225 /* Debug */ = {
			isa = XCBuildConfiguration;
			buildSettings = {
				ALWAYS_SEARCH_USER_PATHS = NO;
				CLANG_CXX_LANGUAGE_STANDARD = "gnu++0x";
				CLANG_CXX_LIBRARY = "libc++";
				CLANG_ENABLE_MODULES = YES;
				CLANG_ENABLE_OBJC_ARC = YES;
				CLANG_WARN_BOOL_CONVERSION = YES;
				CLANG_WARN_CONSTANT_CONVERSION = YES;
				CLANG_WARN_DIRECT_OBJC_ISA_USAGE = YES_ERROR;
				CLANG_WARN_EMPTY_BODY = YES;
				CLANG_WARN_ENUM_CONVERSION = YES;
				CLANG_WARN_INT_CONVERSION = YES;
				CLANG_WARN_OBJC_ROOT_CLASS = YES_ERROR;
				CLANG_WARN_UNREACHABLE_CODE = YES;
				CLANG_WARN__DUPLICATE_METHOD_MATCH = YES;
				"CODE_SIGN_IDENTITY[sdk=iphoneos*]" = "iPhone Developer";
				COPY_PHASE_STRIP = NO;
				DEBUG_INFORMATION_FORMAT = dwarf;
				ENABLE_STRICT_OBJC_MSGSEND = YES;
				ENABLE_TESTABILITY = YES;
				GCC_C_LANGUAGE_STANDARD = gnu99;
				GCC_DYNAMIC_NO_PIC = NO;
				GCC_NO_COMMON_BLOCKS = YES;
				GCC_OPTIMIZATION_LEVEL = 0;
				GCC_PREPROCESSOR_DEFINITIONS = (
					"DEBUG=1",
					"$(inherited)",
				);
				GCC_WARN_64_TO_32_BIT_CONVERSION = YES;
				GCC_WARN_ABOUT_RETURN_TYPE = YES_ERROR;
				GCC_WARN_UNDECLARED_SELECTOR = YES;
				GCC_WARN_UNINITIALIZED_AUTOS = YES_AGGRESSIVE;
				GCC_WARN_UNUSED_FUNCTION = YES;
				GCC_WARN_UNUSED_VARIABLE = YES;
				IPHONEOS_DEPLOYMENT_TARGET = 9.1;
				MTL_ENABLE_DEBUG_INFO = YES;
				ONLY_ACTIVE_ARCH = YES;
				SDKROOT = iphoneos;
				SWIFT_OPTIMIZATION_LEVEL = "-Onone";
				TARGETED_DEVICE_FAMILY = "1,2";
			};
			name = Debug;
		};
		82A8DA5A1C18247B00799225 /* Release */ = {
			isa = XCBuildConfiguration;
			buildSettings = {
				ALWAYS_SEARCH_USER_PATHS = NO;
				CLANG_CXX_LANGUAGE_STANDARD = "gnu++0x";
				CLANG_CXX_LIBRARY = "libc++";
				CLANG_ENABLE_MODULES = YES;
				CLANG_ENABLE_OBJC_ARC = YES;
				CLANG_WARN_BOOL_CONVERSION = YES;
				CLANG_WARN_CONSTANT_CONVERSION = YES;
				CLANG_WARN_DIRECT_OBJC_ISA_USAGE = YES_ERROR;
				CLANG_WARN_EMPTY_BODY = YES;
				CLANG_WARN_ENUM_CONVERSION = YES;
				CLANG_WARN_INT_CONVERSION = YES;
				CLANG_WARN_OBJC_ROOT_CLASS = YES_ERROR;
				CLANG_WARN_UNREACHABLE_CODE = YES;
				CLANG_WARN__DUPLICATE_METHOD_MATCH = YES;
				"CODE_SIGN_IDENTITY[sdk=iphoneos*]" = "iPhone Developer";
				COPY_PHASE_STRIP = NO;
				DEBUG_INFORMATION_FORMAT = "dwarf-with-dsym";
				ENABLE_NS_ASSERTIONS = NO;
				ENABLE_STRICT_OBJC_MSGSEND = YES;
				GCC_C_LANGUAGE_STANDARD = gnu99;
				GCC_NO_COMMON_BLOCKS = YES;
				GCC_WARN_64_TO_32_BIT_CONVERSION = YES;
				GCC_WARN_ABOUT_RETURN_TYPE = YES_ERROR;
				GCC_WARN_UNDECLARED_SELECTOR = YES;
				GCC_WARN_UNINITIALIZED_AUTOS = YES_AGGRESSIVE;
				GCC_WARN_UNUSED_FUNCTION = YES;
				GCC_WARN_UNUSED_VARIABLE = YES;
				IPHONEOS_DEPLOYMENT_TARGET = 9.1;
				MTL_ENABLE_DEBUG_INFO = NO;
				SDKROOT = iphoneos;
				TARGETED_DEVICE_FAMILY = "1,2";
				VALIDATE_PRODUCT = YES;
			};
			name = Release;
		};
		82A8DA5C1C18247B00799225 /* Debug */ = {
			isa = XCBuildConfiguration;
			baseConfigurationReference = 0DE6EA55EB562B8ABD249310 /* Pods-Fews.debug.xcconfig */;
			buildSettings = {
				ASSETCATALOG_COMPILER_APPICON_NAME = AppIcon;
				CODE_SIGN_IDENTITY = "iPhone Developer";
				"CODE_SIGN_IDENTITY[sdk=iphoneos*]" = "iPhone Developer";
				FRAMEWORK_SEARCH_PATHS = (
					"$(inherited)",
					"$(PROJECT_DIR)/build/Debug-iphoneos",
				);
				INFOPLIST_FILE = Fews/Info.plist;
				LD_RUNPATH_SEARCH_PATHS = "$(inherited) @executable_path/Frameworks";
				PRODUCT_BUNDLE_IDENTIFIER = clement.Fews;
				PRODUCT_NAME = "$(TARGET_NAME)";
				PROVISIONING_PROFILE = "";
			};
			name = Debug;
		};
		82A8DA5D1C18247B00799225 /* Release */ = {
			isa = XCBuildConfiguration;
			baseConfigurationReference = 6B439C6B6936200BF5DC0F75 /* Pods-Fews.release.xcconfig */;
			buildSettings = {
				ASSETCATALOG_COMPILER_APPICON_NAME = AppIcon;
				CODE_SIGN_IDENTITY = "iPhone Developer";
				"CODE_SIGN_IDENTITY[sdk=iphoneos*]" = "iPhone Developer";
				FRAMEWORK_SEARCH_PATHS = (
					"$(inherited)",
					"$(PROJECT_DIR)/build/Debug-iphoneos",
				);
				INFOPLIST_FILE = Fews/Info.plist;
				LD_RUNPATH_SEARCH_PATHS = "$(inherited) @executable_path/Frameworks";
				PRODUCT_BUNDLE_IDENTIFIER = clement.Fews;
				PRODUCT_NAME = "$(TARGET_NAME)";
				PROVISIONING_PROFILE = "";
			};
			name = Release;
		};
/* End XCBuildConfiguration section */

/* Begin XCConfigurationList section */
		82A8DA441C18247B00799225 /* Build configuration list for PBXProject "Fews" */ = {
			isa = XCConfigurationList;
			buildConfigurations = (
				82A8DA591C18247B00799225 /* Debug */,
				82A8DA5A1C18247B00799225 /* Release */,
			);
			defaultConfigurationIsVisible = 0;
			defaultConfigurationName = Release;
		};
		82A8DA5B1C18247B00799225 /* Build configuration list for PBXNativeTarget "Fews" */ = {
			isa = XCConfigurationList;
			buildConfigurations = (
				82A8DA5C1C18247B00799225 /* Debug */,
				82A8DA5D1C18247B00799225 /* Release */,
			);
			defaultConfigurationIsVisible = 0;
			defaultConfigurationName = Release;
		};
/* End XCConfigurationList section */
	};
	rootObject = 82A8DA411C18247B00799225 /* Project object */;
}
